
Microsoft Visual Studio Solution File, Format Version 12.00
# Visual Studio 15
VisualStudioVersion = 15.0.27004.2005
MinimumVisualStudioVersion = 10.0.40219.1
Project("{FAE04EC0-301F-11D3-BF4B-00C04F79EFBC}") = "LolApp", "LolApp\LolApp.csproj", "{4F837E38-1D01-46A4-85B2-B5F81BC6C97A}"
EndProject
Global
	GlobalSection(SolutionConfigurationPlatforms) = preSolution
		Debug|Any CPU = Debug|Any CPU
		Release|Any CPU = Release|Any CPU
	EndGlobalSection
	GlobalSection(ProjectConfigurationPlatforms) = postSolution
		{4F837E38-1D01-46A4-85B2-B5F81BC6C97A}.Debug|Any CPU.ActiveCfg = Debug|Any CPU
		{4F837E38-1D01-46A4-85B2-B5F81BC6C97A}.Debug|Any CPU.Build.0 = Debug|Any CPU
		{4F837E38-1D01-46A4-85B2-B5F81BC6C97A}.Release|Any CPU.ActiveCfg = Release|Any CPU
		{4F837E38-1D01-46A4-85B2-B5F81BC6C97A}.Release|Any CPU.Build.0 = Release|Any CPU
	EndGlobalSection
	GlobalSection(SolutionProperties) = preSolution
		HideSolutionNode = FALSE
	EndGlobalSection
	GlobalSection(ExtensibilityGlobals) = postSolution
		SolutionGuid = {D8F0FF52-7B65-49D5-9F6C-4EB3B57D03D3}
	EndGlobalSection
EndGlobal
